
Microsoft Visual Studio Solution File, Format Version 12.00
# Visual Studio Version 17
VisualStudioVersion = 17.13.35825.156 d17.13
MinimumVisualStudioVersion = 10.0.40219.1
Project("{FAE04EC0-301F-11D3-BF4B-00C04F79EFBC}") = "Estoque.Backend", "Estoque.Backend.csproj", "{1DB04947-D24F-4838-9A13-86DF2A220108}"
EndProject
Global
	GlobalSection(SolutionConfigurationPlatforms) = preSolution
		Debug|Any CPU = Debug|Any CPU
		Release|Any CPU = Release|Any CPU
	EndGlobalSection
	GlobalSection(ProjectConfigurationPlatforms) = postSolution
		{1DB04947-D24F-4838-9A13-86DF2A220108}.Debug|Any CPU.ActiveCfg = Debug|Any CPU
		{1DB04947-D24F-4838-9A13-86DF2A220108}.Debug|Any CPU.Build.0 = Debug|Any CPU
		{1DB04947-D24F-4838-9A13-86DF2A220108}.Release|Any CPU.ActiveCfg = Release|Any CPU
		{1DB04947-D24F-4838-9A13-86DF2A220108}.Release|Any CPU.Build.0 = Release|Any CPU
	EndGlobalSection
	GlobalSection(SolutionProperties) = preSolution
		HideSolutionNode = FALSE
	EndGlobalSection
	GlobalSection(ExtensibilityGlobals) = postSolution
		SolutionGuid = {6B7267E9-47A0-46EA-A9A8-E75F8A88C1CD}
	EndGlobalSection
EndGlobal
